
Microsoft Visual Studio Solution File, Format Version 12.00
# Visual Studio Version 16
VisualStudioVersion = 16.0.29728.190
MinimumVisualStudioVersion = 10.0.40219.1
Project("{FAE04EC0-301F-11D3-BF4B-00C04F79EFBC}") = "_35m", "_35m\_35m.csproj", "{C8A37E71-1C2D-4556-A408-F38530EDC408}"
EndProject
Global
	GlobalSection(SolutionConfigurationPlatforms) = preSolution
		Debug|Any CPU = Debug|Any CPU
		Release|Any CPU = Release|Any CPU
	EndGlobalSection
	GlobalSection(ProjectConfigurationPlatforms) = postSolution
		{C8A37E71-1C2D-4556-A408-F38530EDC408}.Debug|Any CPU.ActiveCfg = Debug|Any CPU
		{C8A37E71-1C2D-4556-A408-F38530EDC408}.Debug|Any CPU.Build.0 = Debug|Any CPU
		{C8A37E71-1C2D-4556-A408-F38530EDC408}.Release|Any CPU.ActiveCfg = Release|Any CPU
		{C8A37E71-1C2D-4556-A408-F38530EDC408}.Release|Any CPU.Build.0 = Release|Any CPU
	EndGlobalSection
	GlobalSection(SolutionProperties) = preSolution
		HideSolutionNode = FALSE
	EndGlobalSection
	GlobalSection(ExtensibilityGlobals) = postSolution
		SolutionGuid = {DFBCEF87-4F40-433F-8524-05EA9CB014C3}
	EndGlobalSection
EndGlobal
