
Microsoft Visual Studio Solution File, Format Version 12.00
# Visual Studio Version 16
VisualStudioVersion = 16.0.29728.190
MinimumVisualStudioVersion = 10.0.40219.1
Project("{FAE04EC0-301F-11D3-BF4B-00C04F79EFBC}") = "_46a", "_46a\_46a.csproj", "{18D9A298-3119-45F5-903E-6B6C60CE3AE5}"
EndProject
Global
	GlobalSection(SolutionConfigurationPlatforms) = preSolution
		Debug|Any CPU = Debug|Any CPU
		Release|Any CPU = Release|Any CPU
	EndGlobalSection
	GlobalSection(ProjectConfigurationPlatforms) = postSolution
		{18D9A298-3119-45F5-903E-6B6C60CE3AE5}.Debug|Any CPU.ActiveCfg = Debug|Any CPU
		{18D9A298-3119-45F5-903E-6B6C60CE3AE5}.Debug|Any CPU.Build.0 = Debug|Any CPU
		{18D9A298-3119-45F5-903E-6B6C60CE3AE5}.Release|Any CPU.ActiveCfg = Release|Any CPU
		{18D9A298-3119-45F5-903E-6B6C60CE3AE5}.Release|Any CPU.Build.0 = Release|Any CPU
	EndGlobalSection
	GlobalSection(SolutionProperties) = preSolution
		HideSolutionNode = FALSE
	EndGlobalSection
	GlobalSection(ExtensibilityGlobals) = postSolution
		SolutionGuid = {D83512FC-7269-46EA-91A2-92D29A3CE10C}
	EndGlobalSection
EndGlobal
