
Microsoft Visual Studio Solution File, Format Version 12.00
# Visual Studio Version 16
VisualStudioVersion = 16.0.29509.3
MinimumVisualStudioVersion = 10.0.40219.1
Project("{FAE04EC0-301F-11D3-BF4B-00C04F79EFBC}") = "_40", "_40\_40.csproj", "{69F7360B-24A6-41E7-97A0-7E606A8FF938}"
EndProject
Global
	GlobalSection(SolutionConfigurationPlatforms) = preSolution
		Debug|Any CPU = Debug|Any CPU
		Release|Any CPU = Release|Any CPU
	EndGlobalSection
	GlobalSection(ProjectConfigurationPlatforms) = postSolution
		{69F7360B-24A6-41E7-97A0-7E606A8FF938}.Debug|Any CPU.ActiveCfg = Debug|Any CPU
		{69F7360B-24A6-41E7-97A0-7E606A8FF938}.Debug|Any CPU.Build.0 = Debug|Any CPU
		{69F7360B-24A6-41E7-97A0-7E606A8FF938}.Release|Any CPU.ActiveCfg = Release|Any CPU
		{69F7360B-24A6-41E7-97A0-7E606A8FF938}.Release|Any CPU.Build.0 = Release|Any CPU
	EndGlobalSection
	GlobalSection(SolutionProperties) = preSolution
		HideSolutionNode = FALSE
	EndGlobalSection
	GlobalSection(ExtensibilityGlobals) = postSolution
		SolutionGuid = {46428994-518E-4DE0-AA68-50E2330A4929}
	EndGlobalSection
EndGlobal
