
Microsoft Visual Studio Solution File, Format Version 12.00
# Visual Studio Version 16
VisualStudioVersion = 16.0.29509.3
MinimumVisualStudioVersion = 10.0.40219.1
Project("{FAE04EC0-301F-11D3-BF4B-00C04F79EFBC}") = "_48", "_48\_48.csproj", "{6C80BDCE-3205-4E57-BE82-6C1B946D22DE}"
EndProject
Global
	GlobalSection(SolutionConfigurationPlatforms) = preSolution
		Debug|Any CPU = Debug|Any CPU
		Release|Any CPU = Release|Any CPU
	EndGlobalSection
	GlobalSection(ProjectConfigurationPlatforms) = postSolution
		{6C80BDCE-3205-4E57-BE82-6C1B946D22DE}.Debug|Any CPU.ActiveCfg = Debug|Any CPU
		{6C80BDCE-3205-4E57-BE82-6C1B946D22DE}.Debug|Any CPU.Build.0 = Debug|Any CPU
		{6C80BDCE-3205-4E57-BE82-6C1B946D22DE}.Release|Any CPU.ActiveCfg = Release|Any CPU
		{6C80BDCE-3205-4E57-BE82-6C1B946D22DE}.Release|Any CPU.Build.0 = Release|Any CPU
	EndGlobalSection
	GlobalSection(SolutionProperties) = preSolution
		HideSolutionNode = FALSE
	EndGlobalSection
	GlobalSection(ExtensibilityGlobals) = postSolution
		SolutionGuid = {686265D1-8D12-4D8F-9069-32BCE5323242}
	EndGlobalSection
EndGlobal
