
Microsoft Visual Studio Solution File, Format Version 12.00
# Visual Studio Version 16
VisualStudioVersion = 16.0.29509.3
MinimumVisualStudioVersion = 10.0.40219.1
Project("{FAE04EC0-301F-11D3-BF4B-00C04F79EFBC}") = "_39", "_39\_39.csproj", "{82BDC823-C892-49DC-85F7-F7015D77C725}"
EndProject
Global
	GlobalSection(SolutionConfigurationPlatforms) = preSolution
		Debug|Any CPU = Debug|Any CPU
		Release|Any CPU = Release|Any CPU
	EndGlobalSection
	GlobalSection(ProjectConfigurationPlatforms) = postSolution
		{82BDC823-C892-49DC-85F7-F7015D77C725}.Debug|Any CPU.ActiveCfg = Debug|Any CPU
		{82BDC823-C892-49DC-85F7-F7015D77C725}.Debug|Any CPU.Build.0 = Debug|Any CPU
		{82BDC823-C892-49DC-85F7-F7015D77C725}.Release|Any CPU.ActiveCfg = Release|Any CPU
		{82BDC823-C892-49DC-85F7-F7015D77C725}.Release|Any CPU.Build.0 = Release|Any CPU
	EndGlobalSection
	GlobalSection(SolutionProperties) = preSolution
		HideSolutionNode = FALSE
	EndGlobalSection
	GlobalSection(ExtensibilityGlobals) = postSolution
		SolutionGuid = {FD548910-05F9-49C7-AD49-F766834E49AB}
	EndGlobalSection
EndGlobal
