
Microsoft Visual Studio Solution File, Format Version 12.00
# Visual Studio Version 16
VisualStudioVersion = 16.0.29509.3
MinimumVisualStudioVersion = 10.0.40219.1
Project("{FAE04EC0-301F-11D3-BF4B-00C04F79EFBC}") = "_31", "_31\_31.csproj", "{52D39F01-FD12-4BAA-A4EB-A6CB8EEFCB27}"
EndProject
Global
	GlobalSection(SolutionConfigurationPlatforms) = preSolution
		Debug|Any CPU = Debug|Any CPU
		Release|Any CPU = Release|Any CPU
	EndGlobalSection
	GlobalSection(ProjectConfigurationPlatforms) = postSolution
		{52D39F01-FD12-4BAA-A4EB-A6CB8EEFCB27}.Debug|Any CPU.ActiveCfg = Debug|Any CPU
		{52D39F01-FD12-4BAA-A4EB-A6CB8EEFCB27}.Debug|Any CPU.Build.0 = Debug|Any CPU
		{52D39F01-FD12-4BAA-A4EB-A6CB8EEFCB27}.Release|Any CPU.ActiveCfg = Release|Any CPU
		{52D39F01-FD12-4BAA-A4EB-A6CB8EEFCB27}.Release|Any CPU.Build.0 = Release|Any CPU
	EndGlobalSection
	GlobalSection(SolutionProperties) = preSolution
		HideSolutionNode = FALSE
	EndGlobalSection
	GlobalSection(ExtensibilityGlobals) = postSolution
		SolutionGuid = {201C3F4B-6B2D-43E7-ACA5-4CDE3D754772}
	EndGlobalSection
EndGlobal
