
Microsoft Visual Studio Solution File, Format Version 12.00
# Visual Studio Version 16
VisualStudioVersion = 16.0.29728.190
MinimumVisualStudioVersion = 10.0.40219.1
Project("{FAE04EC0-301F-11D3-BF4B-00C04F79EFBC}") = "_72c", "_72c\_72c.csproj", "{31EA00DA-E235-48B7-AE65-329212591AC0}"
EndProject
Global
	GlobalSection(SolutionConfigurationPlatforms) = preSolution
		Debug|Any CPU = Debug|Any CPU
		Release|Any CPU = Release|Any CPU
	EndGlobalSection
	GlobalSection(ProjectConfigurationPlatforms) = postSolution
		{31EA00DA-E235-48B7-AE65-329212591AC0}.Debug|Any CPU.ActiveCfg = Debug|Any CPU
		{31EA00DA-E235-48B7-AE65-329212591AC0}.Debug|Any CPU.Build.0 = Debug|Any CPU
		{31EA00DA-E235-48B7-AE65-329212591AC0}.Release|Any CPU.ActiveCfg = Release|Any CPU
		{31EA00DA-E235-48B7-AE65-329212591AC0}.Release|Any CPU.Build.0 = Release|Any CPU
	EndGlobalSection
	GlobalSection(SolutionProperties) = preSolution
		HideSolutionNode = FALSE
	EndGlobalSection
	GlobalSection(ExtensibilityGlobals) = postSolution
		SolutionGuid = {C0F2D6B4-2D60-4D94-B4A4-C505469452D2}
	EndGlobalSection
EndGlobal
