
Microsoft Visual Studio Solution File, Format Version 12.00
# Visual Studio Version 16
VisualStudioVersion = 16.0.29728.190
MinimumVisualStudioVersion = 10.0.40219.1
Project("{FAE04EC0-301F-11D3-BF4B-00C04F79EFBC}") = "_34f", "_34f\_34f.csproj", "{855801C4-A5CC-4194-ACCC-E8064C2ADE3C}"
EndProject
Global
	GlobalSection(SolutionConfigurationPlatforms) = preSolution
		Debug|Any CPU = Debug|Any CPU
		Release|Any CPU = Release|Any CPU
	EndGlobalSection
	GlobalSection(ProjectConfigurationPlatforms) = postSolution
		{855801C4-A5CC-4194-ACCC-E8064C2ADE3C}.Debug|Any CPU.ActiveCfg = Debug|Any CPU
		{855801C4-A5CC-4194-ACCC-E8064C2ADE3C}.Debug|Any CPU.Build.0 = Debug|Any CPU
		{855801C4-A5CC-4194-ACCC-E8064C2ADE3C}.Release|Any CPU.ActiveCfg = Release|Any CPU
		{855801C4-A5CC-4194-ACCC-E8064C2ADE3C}.Release|Any CPU.Build.0 = Release|Any CPU
	EndGlobalSection
	GlobalSection(SolutionProperties) = preSolution
		HideSolutionNode = FALSE
	EndGlobalSection
	GlobalSection(ExtensibilityGlobals) = postSolution
		SolutionGuid = {ECEA0F3B-10FC-439B-BFCD-843226490DF0}
	EndGlobalSection
EndGlobal
