
Microsoft Visual Studio Solution File, Format Version 12.00
# Visual Studio Version 16
VisualStudioVersion = 16.0.29709.97
MinimumVisualStudioVersion = 10.0.40219.1
Project("{FAE04EC0-301F-11D3-BF4B-00C04F79EFBC}") = "_30a", "_30a\_30a.csproj", "{05C5A5FB-1851-4931-8A65-446ACECC0D32}"
EndProject
Global
	GlobalSection(SolutionConfigurationPlatforms) = preSolution
		Debug|Any CPU = Debug|Any CPU
		Release|Any CPU = Release|Any CPU
	EndGlobalSection
	GlobalSection(ProjectConfigurationPlatforms) = postSolution
		{05C5A5FB-1851-4931-8A65-446ACECC0D32}.Debug|Any CPU.ActiveCfg = Debug|Any CPU
		{05C5A5FB-1851-4931-8A65-446ACECC0D32}.Debug|Any CPU.Build.0 = Debug|Any CPU
		{05C5A5FB-1851-4931-8A65-446ACECC0D32}.Release|Any CPU.ActiveCfg = Release|Any CPU
		{05C5A5FB-1851-4931-8A65-446ACECC0D32}.Release|Any CPU.Build.0 = Release|Any CPU
	EndGlobalSection
	GlobalSection(SolutionProperties) = preSolution
		HideSolutionNode = FALSE
	EndGlobalSection
	GlobalSection(ExtensibilityGlobals) = postSolution
		SolutionGuid = {6D05B1DA-3690-4FF5-AA2D-0D2D52F3AD53}
	EndGlobalSection
EndGlobal
