
Microsoft Visual Studio Solution File, Format Version 12.00
# Visual Studio Version 16
VisualStudioVersion = 16.0.30114.105
MinimumVisualStudioVersion = 10.0.40219.1
Project("{FAE04EC0-301F-11D3-BF4B-00C04F79EFBC}") = "_88", "_88\_88.csproj", "{45BB1FF1-FD5E-44B6-8C18-50FC1BF307D6}"
EndProject
Global
	GlobalSection(SolutionConfigurationPlatforms) = preSolution
		Debug|Any CPU = Debug|Any CPU
		Release|Any CPU = Release|Any CPU
	EndGlobalSection
	GlobalSection(ProjectConfigurationPlatforms) = postSolution
		{45BB1FF1-FD5E-44B6-8C18-50FC1BF307D6}.Debug|Any CPU.ActiveCfg = Debug|Any CPU
		{45BB1FF1-FD5E-44B6-8C18-50FC1BF307D6}.Debug|Any CPU.Build.0 = Debug|Any CPU
		{45BB1FF1-FD5E-44B6-8C18-50FC1BF307D6}.Release|Any CPU.ActiveCfg = Release|Any CPU
		{45BB1FF1-FD5E-44B6-8C18-50FC1BF307D6}.Release|Any CPU.Build.0 = Release|Any CPU
	EndGlobalSection
	GlobalSection(SolutionProperties) = preSolution
		HideSolutionNode = FALSE
	EndGlobalSection
	GlobalSection(ExtensibilityGlobals) = postSolution
		SolutionGuid = {57E4743E-86D9-4314-B4CE-4E90AEC47047}
	EndGlobalSection
EndGlobal
