
Microsoft Visual Studio Solution File, Format Version 12.00
# Visual Studio Version 16
VisualStudioVersion = 16.0.29509.3
MinimumVisualStudioVersion = 10.0.40219.1
Project("{FAE04EC0-301F-11D3-BF4B-00C04F79EFBC}") = "_57", "_57\_57.csproj", "{321B1FE0-FF2E-46CE-8A8F-78752311425D}"
EndProject
Global
	GlobalSection(SolutionConfigurationPlatforms) = preSolution
		Debug|Any CPU = Debug|Any CPU
		Release|Any CPU = Release|Any CPU
	EndGlobalSection
	GlobalSection(ProjectConfigurationPlatforms) = postSolution
		{321B1FE0-FF2E-46CE-8A8F-78752311425D}.Debug|Any CPU.ActiveCfg = Debug|Any CPU
		{321B1FE0-FF2E-46CE-8A8F-78752311425D}.Debug|Any CPU.Build.0 = Debug|Any CPU
		{321B1FE0-FF2E-46CE-8A8F-78752311425D}.Release|Any CPU.ActiveCfg = Release|Any CPU
		{321B1FE0-FF2E-46CE-8A8F-78752311425D}.Release|Any CPU.Build.0 = Release|Any CPU
	EndGlobalSection
	GlobalSection(SolutionProperties) = preSolution
		HideSolutionNode = FALSE
	EndGlobalSection
	GlobalSection(ExtensibilityGlobals) = postSolution
		SolutionGuid = {01E39F19-70C2-42AC-962D-34E0DA00EB19}
	EndGlobalSection
EndGlobal
