
Microsoft Visual Studio Solution File, Format Version 12.00
# Visual Studio Version 16
VisualStudioVersion = 16.0.30114.105
MinimumVisualStudioVersion = 10.0.40219.1
Project("{FAE04EC0-301F-11D3-BF4B-00C04F79EFBC}") = "_82", "_82\_82.csproj", "{B5A7C143-70AD-4FF9-B7E0-43E607F71AAE}"
EndProject
Global
	GlobalSection(SolutionConfigurationPlatforms) = preSolution
		Debug|Any CPU = Debug|Any CPU
		Release|Any CPU = Release|Any CPU
	EndGlobalSection
	GlobalSection(ProjectConfigurationPlatforms) = postSolution
		{B5A7C143-70AD-4FF9-B7E0-43E607F71AAE}.Debug|Any CPU.ActiveCfg = Debug|Any CPU
		{B5A7C143-70AD-4FF9-B7E0-43E607F71AAE}.Debug|Any CPU.Build.0 = Debug|Any CPU
		{B5A7C143-70AD-4FF9-B7E0-43E607F71AAE}.Release|Any CPU.ActiveCfg = Release|Any CPU
		{B5A7C143-70AD-4FF9-B7E0-43E607F71AAE}.Release|Any CPU.Build.0 = Release|Any CPU
	EndGlobalSection
	GlobalSection(SolutionProperties) = preSolution
		HideSolutionNode = FALSE
	EndGlobalSection
	GlobalSection(ExtensibilityGlobals) = postSolution
		SolutionGuid = {9E574FAE-26F1-45BB-90BE-DFC48D8B943C}
	EndGlobalSection
EndGlobal
