
Microsoft Visual Studio Solution File, Format Version 12.00
# Visual Studio Version 16
VisualStudioVersion = 16.0.29509.3
MinimumVisualStudioVersion = 10.0.40219.1
Project("{FAE04EC0-301F-11D3-BF4B-00C04F79EFBC}") = "_47a", "_47a\_47a.csproj", "{DEA8429E-F3C8-4091-B9F4-5C14A9621B93}"
EndProject
Global
	GlobalSection(SolutionConfigurationPlatforms) = preSolution
		Debug|Any CPU = Debug|Any CPU
		Release|Any CPU = Release|Any CPU
	EndGlobalSection
	GlobalSection(ProjectConfigurationPlatforms) = postSolution
		{DEA8429E-F3C8-4091-B9F4-5C14A9621B93}.Debug|Any CPU.ActiveCfg = Debug|Any CPU
		{DEA8429E-F3C8-4091-B9F4-5C14A9621B93}.Debug|Any CPU.Build.0 = Debug|Any CPU
		{DEA8429E-F3C8-4091-B9F4-5C14A9621B93}.Release|Any CPU.ActiveCfg = Release|Any CPU
		{DEA8429E-F3C8-4091-B9F4-5C14A9621B93}.Release|Any CPU.Build.0 = Release|Any CPU
	EndGlobalSection
	GlobalSection(SolutionProperties) = preSolution
		HideSolutionNode = FALSE
	EndGlobalSection
	GlobalSection(ExtensibilityGlobals) = postSolution
		SolutionGuid = {906F303F-9A65-44B9-94DA-8605B8A459C6}
	EndGlobalSection
EndGlobal
