
Microsoft Visual Studio Solution File, Format Version 12.00
# Visual Studio Version 16
VisualStudioVersion = 16.0.29728.190
MinimumVisualStudioVersion = 10.0.40219.1
Project("{FAE04EC0-301F-11D3-BF4B-00C04F79EFBC}") = "_45c", "_45c\_45c.csproj", "{77B9CBD7-E4C8-4C6D-830E-59AFA3138B38}"
EndProject
Global
	GlobalSection(SolutionConfigurationPlatforms) = preSolution
		Debug|Any CPU = Debug|Any CPU
		Release|Any CPU = Release|Any CPU
	EndGlobalSection
	GlobalSection(ProjectConfigurationPlatforms) = postSolution
		{77B9CBD7-E4C8-4C6D-830E-59AFA3138B38}.Debug|Any CPU.ActiveCfg = Debug|Any CPU
		{77B9CBD7-E4C8-4C6D-830E-59AFA3138B38}.Debug|Any CPU.Build.0 = Debug|Any CPU
		{77B9CBD7-E4C8-4C6D-830E-59AFA3138B38}.Release|Any CPU.ActiveCfg = Release|Any CPU
		{77B9CBD7-E4C8-4C6D-830E-59AFA3138B38}.Release|Any CPU.Build.0 = Release|Any CPU
	EndGlobalSection
	GlobalSection(SolutionProperties) = preSolution
		HideSolutionNode = FALSE
	EndGlobalSection
	GlobalSection(ExtensibilityGlobals) = postSolution
		SolutionGuid = {A3A403C8-6875-4AFA-9118-B0CC13202C61}
	EndGlobalSection
EndGlobal
