
Microsoft Visual Studio Solution File, Format Version 12.00
# Visual Studio Version 16
VisualStudioVersion = 16.0.30114.105
MinimumVisualStudioVersion = 10.0.40219.1
Project("{FAE04EC0-301F-11D3-BF4B-00C04F79EFBC}") = "_90", "_90\_90.csproj", "{B7811944-A967-4222-8105-B3025395340A}"
EndProject
Global
	GlobalSection(SolutionConfigurationPlatforms) = preSolution
		Debug|Any CPU = Debug|Any CPU
		Release|Any CPU = Release|Any CPU
	EndGlobalSection
	GlobalSection(ProjectConfigurationPlatforms) = postSolution
		{B7811944-A967-4222-8105-B3025395340A}.Debug|Any CPU.ActiveCfg = Debug|Any CPU
		{B7811944-A967-4222-8105-B3025395340A}.Debug|Any CPU.Build.0 = Debug|Any CPU
		{B7811944-A967-4222-8105-B3025395340A}.Release|Any CPU.ActiveCfg = Release|Any CPU
		{B7811944-A967-4222-8105-B3025395340A}.Release|Any CPU.Build.0 = Release|Any CPU
	EndGlobalSection
	GlobalSection(SolutionProperties) = preSolution
		HideSolutionNode = FALSE
	EndGlobalSection
	GlobalSection(ExtensibilityGlobals) = postSolution
		SolutionGuid = {5CFF1EA0-F710-446A-8CEB-071EE190F195}
	EndGlobalSection
EndGlobal
