
Microsoft Visual Studio Solution File, Format Version 12.00
# Visual Studio Version 16
VisualStudioVersion = 16.0.29728.190
MinimumVisualStudioVersion = 10.0.40219.1
Project("{FAE04EC0-301F-11D3-BF4B-00C04F79EFBC}") = "_10d", "_10d\_10d.csproj", "{BE2EBF6C-E3BC-4CDF-88A8-0BFA43FC2A39}"
EndProject
Global
	GlobalSection(SolutionConfigurationPlatforms) = preSolution
		Debug|Any CPU = Debug|Any CPU
		Release|Any CPU = Release|Any CPU
	EndGlobalSection
	GlobalSection(ProjectConfigurationPlatforms) = postSolution
		{BE2EBF6C-E3BC-4CDF-88A8-0BFA43FC2A39}.Debug|Any CPU.ActiveCfg = Debug|Any CPU
		{BE2EBF6C-E3BC-4CDF-88A8-0BFA43FC2A39}.Debug|Any CPU.Build.0 = Debug|Any CPU
		{BE2EBF6C-E3BC-4CDF-88A8-0BFA43FC2A39}.Release|Any CPU.ActiveCfg = Release|Any CPU
		{BE2EBF6C-E3BC-4CDF-88A8-0BFA43FC2A39}.Release|Any CPU.Build.0 = Release|Any CPU
	EndGlobalSection
	GlobalSection(SolutionProperties) = preSolution
		HideSolutionNode = FALSE
	EndGlobalSection
	GlobalSection(ExtensibilityGlobals) = postSolution
		SolutionGuid = {643130A9-F17F-44E0-B8CE-9B14B08C6CB4}
	EndGlobalSection
EndGlobal
