
Microsoft Visual Studio Solution File, Format Version 12.00
# Visual Studio Version 16
VisualStudioVersion = 16.0.29509.3
MinimumVisualStudioVersion = 10.0.40219.1
Project("{FAE04EC0-301F-11D3-BF4B-00C04F79EFBC}") = "_60", "_60\_60.csproj", "{99E10AB6-B14A-4578-BF62-40AD6F8C2A1C}"
EndProject
Global
	GlobalSection(SolutionConfigurationPlatforms) = preSolution
		Debug|Any CPU = Debug|Any CPU
		Release|Any CPU = Release|Any CPU
	EndGlobalSection
	GlobalSection(ProjectConfigurationPlatforms) = postSolution
		{99E10AB6-B14A-4578-BF62-40AD6F8C2A1C}.Debug|Any CPU.ActiveCfg = Debug|Any CPU
		{99E10AB6-B14A-4578-BF62-40AD6F8C2A1C}.Debug|Any CPU.Build.0 = Debug|Any CPU
		{99E10AB6-B14A-4578-BF62-40AD6F8C2A1C}.Release|Any CPU.ActiveCfg = Release|Any CPU
		{99E10AB6-B14A-4578-BF62-40AD6F8C2A1C}.Release|Any CPU.Build.0 = Release|Any CPU
	EndGlobalSection
	GlobalSection(SolutionProperties) = preSolution
		HideSolutionNode = FALSE
	EndGlobalSection
	GlobalSection(ExtensibilityGlobals) = postSolution
		SolutionGuid = {F4B4B81B-E9E7-4013-B1A7-BD8B21386403}
	EndGlobalSection
EndGlobal
