
Microsoft Visual Studio Solution File, Format Version 12.00
# Visual Studio Version 16
VisualStudioVersion = 16.0.29728.190
MinimumVisualStudioVersion = 10.0.40219.1
Project("{FAE04EC0-301F-11D3-BF4B-00C04F79EFBC}") = "_38a", "_38a\_38a.csproj", "{EFF0A67D-F156-4E5D-A555-F76CFF9751E1}"
EndProject
Global
	GlobalSection(SolutionConfigurationPlatforms) = preSolution
		Debug|Any CPU = Debug|Any CPU
		Release|Any CPU = Release|Any CPU
	EndGlobalSection
	GlobalSection(ProjectConfigurationPlatforms) = postSolution
		{EFF0A67D-F156-4E5D-A555-F76CFF9751E1}.Debug|Any CPU.ActiveCfg = Debug|Any CPU
		{EFF0A67D-F156-4E5D-A555-F76CFF9751E1}.Debug|Any CPU.Build.0 = Debug|Any CPU
		{EFF0A67D-F156-4E5D-A555-F76CFF9751E1}.Release|Any CPU.ActiveCfg = Release|Any CPU
		{EFF0A67D-F156-4E5D-A555-F76CFF9751E1}.Release|Any CPU.Build.0 = Release|Any CPU
	EndGlobalSection
	GlobalSection(SolutionProperties) = preSolution
		HideSolutionNode = FALSE
	EndGlobalSection
	GlobalSection(ExtensibilityGlobals) = postSolution
		SolutionGuid = {3BB19A21-09AD-4BC7-84FD-A83FEB7E9210}
	EndGlobalSection
EndGlobal
