
Microsoft Visual Studio Solution File, Format Version 12.00
# Visual Studio Version 16
VisualStudioVersion = 16.0.29728.190
MinimumVisualStudioVersion = 10.0.40219.1
Project("{FAE04EC0-301F-11D3-BF4B-00C04F79EFBC}") = "_69a", "_69a\_69a.csproj", "{DD7AF23D-6492-4D13-9F06-7AF3890A91AA}"
EndProject
Global
	GlobalSection(SolutionConfigurationPlatforms) = preSolution
		Debug|Any CPU = Debug|Any CPU
		Release|Any CPU = Release|Any CPU
	EndGlobalSection
	GlobalSection(ProjectConfigurationPlatforms) = postSolution
		{DD7AF23D-6492-4D13-9F06-7AF3890A91AA}.Debug|Any CPU.ActiveCfg = Debug|Any CPU
		{DD7AF23D-6492-4D13-9F06-7AF3890A91AA}.Debug|Any CPU.Build.0 = Debug|Any CPU
		{DD7AF23D-6492-4D13-9F06-7AF3890A91AA}.Release|Any CPU.ActiveCfg = Release|Any CPU
		{DD7AF23D-6492-4D13-9F06-7AF3890A91AA}.Release|Any CPU.Build.0 = Release|Any CPU
	EndGlobalSection
	GlobalSection(SolutionProperties) = preSolution
		HideSolutionNode = FALSE
	EndGlobalSection
	GlobalSection(ExtensibilityGlobals) = postSolution
		SolutionGuid = {FF8E72BB-6261-438F-98E5-36D41DBB4EB8}
	EndGlobalSection
EndGlobal
