
Microsoft Visual Studio Solution File, Format Version 12.00
# Visual Studio Version 16
VisualStudioVersion = 16.0.29728.190
MinimumVisualStudioVersion = 10.0.40219.1
Project("{FAE04EC0-301F-11D3-BF4B-00C04F79EFBC}") = "_57d", "_57d\_57d.csproj", "{E54C225F-AFAF-4811-BFC2-B3225AB10291}"
EndProject
Global
	GlobalSection(SolutionConfigurationPlatforms) = preSolution
		Debug|Any CPU = Debug|Any CPU
		Release|Any CPU = Release|Any CPU
	EndGlobalSection
	GlobalSection(ProjectConfigurationPlatforms) = postSolution
		{E54C225F-AFAF-4811-BFC2-B3225AB10291}.Debug|Any CPU.ActiveCfg = Debug|Any CPU
		{E54C225F-AFAF-4811-BFC2-B3225AB10291}.Debug|Any CPU.Build.0 = Debug|Any CPU
		{E54C225F-AFAF-4811-BFC2-B3225AB10291}.Release|Any CPU.ActiveCfg = Release|Any CPU
		{E54C225F-AFAF-4811-BFC2-B3225AB10291}.Release|Any CPU.Build.0 = Release|Any CPU
	EndGlobalSection
	GlobalSection(SolutionProperties) = preSolution
		HideSolutionNode = FALSE
	EndGlobalSection
	GlobalSection(ExtensibilityGlobals) = postSolution
		SolutionGuid = {AD3EA551-1C70-4743-9A2C-3AF90259296F}
	EndGlobalSection
EndGlobal
