
Microsoft Visual Studio Solution File, Format Version 12.00
# Visual Studio Version 16
VisualStudioVersion = 16.0.30114.105
MinimumVisualStudioVersion = 10.0.40219.1
Project("{FAE04EC0-301F-11D3-BF4B-00C04F79EFBC}") = "_91d", "_91d\_91d.csproj", "{580371CB-5027-49E7-B838-0FF1F0373799}"
EndProject
Global
	GlobalSection(SolutionConfigurationPlatforms) = preSolution
		Debug|Any CPU = Debug|Any CPU
		Release|Any CPU = Release|Any CPU
	EndGlobalSection
	GlobalSection(ProjectConfigurationPlatforms) = postSolution
		{580371CB-5027-49E7-B838-0FF1F0373799}.Debug|Any CPU.ActiveCfg = Debug|Any CPU
		{580371CB-5027-49E7-B838-0FF1F0373799}.Debug|Any CPU.Build.0 = Debug|Any CPU
		{580371CB-5027-49E7-B838-0FF1F0373799}.Release|Any CPU.ActiveCfg = Release|Any CPU
		{580371CB-5027-49E7-B838-0FF1F0373799}.Release|Any CPU.Build.0 = Release|Any CPU
	EndGlobalSection
	GlobalSection(SolutionProperties) = preSolution
		HideSolutionNode = FALSE
	EndGlobalSection
	GlobalSection(ExtensibilityGlobals) = postSolution
		SolutionGuid = {3B969A43-E90C-4891-B0BE-F8FAAE0F2CB2}
	EndGlobalSection
EndGlobal
