
Microsoft Visual Studio Solution File, Format Version 12.00
# Visual Studio Version 16
VisualStudioVersion = 16.0.29728.190
MinimumVisualStudioVersion = 10.0.40219.1
Project("{FAE04EC0-301F-11D3-BF4B-00C04F79EFBC}") = "_10b", "_10b\_10b.csproj", "{72A6BE7D-DA76-4FA3-9E3D-8E48427F4777}"
EndProject
Global
	GlobalSection(SolutionConfigurationPlatforms) = preSolution
		Debug|Any CPU = Debug|Any CPU
		Release|Any CPU = Release|Any CPU
	EndGlobalSection
	GlobalSection(ProjectConfigurationPlatforms) = postSolution
		{72A6BE7D-DA76-4FA3-9E3D-8E48427F4777}.Debug|Any CPU.ActiveCfg = Debug|Any CPU
		{72A6BE7D-DA76-4FA3-9E3D-8E48427F4777}.Debug|Any CPU.Build.0 = Debug|Any CPU
		{72A6BE7D-DA76-4FA3-9E3D-8E48427F4777}.Release|Any CPU.ActiveCfg = Release|Any CPU
		{72A6BE7D-DA76-4FA3-9E3D-8E48427F4777}.Release|Any CPU.Build.0 = Release|Any CPU
	EndGlobalSection
	GlobalSection(SolutionProperties) = preSolution
		HideSolutionNode = FALSE
	EndGlobalSection
	GlobalSection(ExtensibilityGlobals) = postSolution
		SolutionGuid = {EBFDC21E-E1E8-49F4-9002-BCBD942EEF25}
	EndGlobalSection
EndGlobal
