
Microsoft Visual Studio Solution File, Format Version 12.00
# Visual Studio Version 16
VisualStudioVersion = 16.0.29509.3
MinimumVisualStudioVersion = 10.0.40219.1
Project("{FAE04EC0-301F-11D3-BF4B-00C04F79EFBC}") = "_34", "_34\_34.csproj", "{3081C2CD-87DB-499A-B14E-A388A1AD1430}"
EndProject
Global
	GlobalSection(SolutionConfigurationPlatforms) = preSolution
		Debug|Any CPU = Debug|Any CPU
		Release|Any CPU = Release|Any CPU
	EndGlobalSection
	GlobalSection(ProjectConfigurationPlatforms) = postSolution
		{3081C2CD-87DB-499A-B14E-A388A1AD1430}.Debug|Any CPU.ActiveCfg = Debug|Any CPU
		{3081C2CD-87DB-499A-B14E-A388A1AD1430}.Debug|Any CPU.Build.0 = Debug|Any CPU
		{3081C2CD-87DB-499A-B14E-A388A1AD1430}.Release|Any CPU.ActiveCfg = Release|Any CPU
		{3081C2CD-87DB-499A-B14E-A388A1AD1430}.Release|Any CPU.Build.0 = Release|Any CPU
	EndGlobalSection
	GlobalSection(SolutionProperties) = preSolution
		HideSolutionNode = FALSE
	EndGlobalSection
	GlobalSection(ExtensibilityGlobals) = postSolution
		SolutionGuid = {1A9A58BA-F0EC-4AF5-8C74-4A2C9CF2FA5D}
	EndGlobalSection
EndGlobal
