
Microsoft Visual Studio Solution File, Format Version 12.00
# Visual Studio Version 16
VisualStudioVersion = 16.0.29728.190
MinimumVisualStudioVersion = 10.0.40219.1
Project("{FAE04EC0-301F-11D3-BF4B-00C04F79EFBC}") = "_35j", "_35j\_35j.csproj", "{D9CA3D27-4972-4B07-B6FC-C87E0E09DD80}"
EndProject
Global
	GlobalSection(SolutionConfigurationPlatforms) = preSolution
		Debug|Any CPU = Debug|Any CPU
		Release|Any CPU = Release|Any CPU
	EndGlobalSection
	GlobalSection(ProjectConfigurationPlatforms) = postSolution
		{D9CA3D27-4972-4B07-B6FC-C87E0E09DD80}.Debug|Any CPU.ActiveCfg = Debug|Any CPU
		{D9CA3D27-4972-4B07-B6FC-C87E0E09DD80}.Debug|Any CPU.Build.0 = Debug|Any CPU
		{D9CA3D27-4972-4B07-B6FC-C87E0E09DD80}.Release|Any CPU.ActiveCfg = Release|Any CPU
		{D9CA3D27-4972-4B07-B6FC-C87E0E09DD80}.Release|Any CPU.Build.0 = Release|Any CPU
	EndGlobalSection
	GlobalSection(SolutionProperties) = preSolution
		HideSolutionNode = FALSE
	EndGlobalSection
	GlobalSection(ExtensibilityGlobals) = postSolution
		SolutionGuid = {EAF3A0B8-A494-429A-A3A4-89DEC2E95067}
	EndGlobalSection
EndGlobal
